
Microsoft Visual Studio Solution File, Format Version 12.00
Project("{FAE04EC0-301F-11D3-BF4B-00C04F79EFBC}") = "Exercise2_PowerSum", "Exercise2_PowerSum\Exercise2_PowerSum.csproj", "{01955F5D-70A8-4D07-96D9-70490F240904}"
EndProject
Project("{2150E333-8FDC-42A3-9474-1A3956D46DE8}") = "Exercise3_ContactManager", "Exercise3_ContactManager", "{91B45933-B5D1-45F7-B723-AFC89893AF58}"
EndProject
Project("{2150E333-8FDC-42A3-9474-1A3956D46DE8}") = "src", "src", "{E097B204-ADB6-4526-9D35-FAFECFEE8549}"
EndProject
Project("{2150E333-8FDC-42A3-9474-1A3956D46DE8}") = "Data", "Data", "{BDEE10C6-7BBD-4C37-B9F0-A4E6AC461EC1}"
EndProject
Project("{FAE04EC0-301F-11D3-BF4B-00C04F79EFBC}") = "Domain", "Exercise3_ContactManager\src\Data\Domain\Domain.csproj", "{8F9C97F3-1F98-4586-A2D8-164853BFB206}"
EndProject
Project("{FAE04EC0-301F-11D3-BF4B-00C04F79EFBC}") = "Infrastructure", "Exercise3_ContactManager\src\Data\Infrastructure\Infrastructure.csproj", "{657D0AE1-B505-468B-829E-2770C99DBED4}"
EndProject
Global
	GlobalSection(SolutionConfigurationPlatforms) = preSolution
		Debug|Any CPU = Debug|Any CPU
		Release|Any CPU = Release|Any CPU
	EndGlobalSection
	GlobalSection(ProjectConfigurationPlatforms) = postSolution
		{01955F5D-70A8-4D07-96D9-70490F240904}.Debug|Any CPU.ActiveCfg = Debug|Any CPU
		{01955F5D-70A8-4D07-96D9-70490F240904}.Debug|Any CPU.Build.0 = Debug|Any CPU
		{01955F5D-70A8-4D07-96D9-70490F240904}.Release|Any CPU.ActiveCfg = Release|Any CPU
		{01955F5D-70A8-4D07-96D9-70490F240904}.Release|Any CPU.Build.0 = Release|Any CPU
		{8F9C97F3-1F98-4586-A2D8-164853BFB206}.Debug|Any CPU.ActiveCfg = Debug|Any CPU
		{8F9C97F3-1F98-4586-A2D8-164853BFB206}.Debug|Any CPU.Build.0 = Debug|Any CPU
		{8F9C97F3-1F98-4586-A2D8-164853BFB206}.Release|Any CPU.ActiveCfg = Release|Any CPU
		{8F9C97F3-1F98-4586-A2D8-164853BFB206}.Release|Any CPU.Build.0 = Release|Any CPU
		{657D0AE1-B505-468B-829E-2770C99DBED4}.Debug|Any CPU.ActiveCfg = Debug|Any CPU
		{657D0AE1-B505-468B-829E-2770C99DBED4}.Debug|Any CPU.Build.0 = Debug|Any CPU
		{657D0AE1-B505-468B-829E-2770C99DBED4}.Release|Any CPU.ActiveCfg = Release|Any CPU
		{657D0AE1-B505-468B-829E-2770C99DBED4}.Release|Any CPU.Build.0 = Release|Any CPU
	EndGlobalSection
	GlobalSection(NestedProjects) = preSolution
		{E097B204-ADB6-4526-9D35-FAFECFEE8549} = {91B45933-B5D1-45F7-B723-AFC89893AF58}
		{BDEE10C6-7BBD-4C37-B9F0-A4E6AC461EC1} = {E097B204-ADB6-4526-9D35-FAFECFEE8549}
		{8F9C97F3-1F98-4586-A2D8-164853BFB206} = {BDEE10C6-7BBD-4C37-B9F0-A4E6AC461EC1}
		{657D0AE1-B505-468B-829E-2770C99DBED4} = {BDEE10C6-7BBD-4C37-B9F0-A4E6AC461EC1}
	EndGlobalSection
EndGlobal
